
Microsoft Visual Studio Solution File, Format Version 12.00
# Visual Studio Version 17
VisualStudioVersion = 17.2.32630.192
MinimumVisualStudioVersion = 10.0.40219.1
Project("{FAE04EC0-301F-11D3-BF4B-00C04F79EFBC}") = "follow_object_Winform_CS", "follow_object_Winform_CS\follow_object_Winform_CS.csproj", "{ABD26013-5757-4530-8A3F-FB4AE2FE9461}"
EndProject
Global
	GlobalSection(SolutionConfigurationPlatforms) = preSolution
		Debug|Any CPU = Debug|Any CPU
		Release|Any CPU = Release|Any CPU
	EndGlobalSection
	GlobalSection(ProjectConfigurationPlatforms) = postSolution
		{ABD26013-5757-4530-8A3F-FB4AE2FE9461}.Debug|Any CPU.ActiveCfg = Debug|Any CPU
		{ABD26013-5757-4530-8A3F-FB4AE2FE9461}.Debug|Any CPU.Build.0 = Debug|Any CPU
		{ABD26013-5757-4530-8A3F-FB4AE2FE9461}.Release|Any CPU.ActiveCfg = Release|Any CPU
		{ABD26013-5757-4530-8A3F-FB4AE2FE9461}.Release|Any CPU.Build.0 = Release|Any CPU
	EndGlobalSection
	GlobalSection(SolutionProperties) = preSolution
		HideSolutionNode = FALSE
	EndGlobalSection
	GlobalSection(ExtensibilityGlobals) = postSolution
		SolutionGuid = {33747C26-06E0-4D8C-82DA-01770F08C69E}
	EndGlobalSection
EndGlobal
